
Microsoft Visual Studio Solution File, Format Version 12.00
# Visual Studio 14
VisualStudioVersion = 14.0.25420.1
MinimumVisualStudioVersion = 10.0.40219.1
Project("{FAE04EC0-301F-11D3-BF4B-00C04F79EFBC}") = "MyNotifications.Lib", "MyNotifications.Lib\MyNotifications.Lib.csproj", "{D9A944EB-4FC9-4FA9-868A-C6B758804B1C}"
EndProject
Project("{FAE04EC0-301F-11D3-BF4B-00C04F79EFBC}") = "MyNotifications.WinForm", "MyNotifications.WinForm\MyNotifications.WinForm.csproj", "{82825479-B41D-4B49-9BBF-5F00F4B4A5B3}"
EndProject
Project("{FAE04EC0-301F-11D3-BF4B-00C04F79EFBC}") = "MyNotifications.MVC", "MyNotifications.MVC\MyNotifications.MVC.csproj", "{794FAC02-6E93-4FAB-8DEB-94F23BD87BFB}"
EndProject
Global
	GlobalSection(SolutionConfigurationPlatforms) = preSolution
		Debug|Any CPU = Debug|Any CPU
		Release|Any CPU = Release|Any CPU
	EndGlobalSection
	GlobalSection(ProjectConfigurationPlatforms) = postSolution
		{D9A944EB-4FC9-4FA9-868A-C6B758804B1C}.Debug|Any CPU.ActiveCfg = Debug|Any CPU
		{D9A944EB-4FC9-4FA9-868A-C6B758804B1C}.Debug|Any CPU.Build.0 = Debug|Any CPU
		{D9A944EB-4FC9-4FA9-868A-C6B758804B1C}.Release|Any CPU.ActiveCfg = Release|Any CPU
		{D9A944EB-4FC9-4FA9-868A-C6B758804B1C}.Release|Any CPU.Build.0 = Release|Any CPU
		{82825479-B41D-4B49-9BBF-5F00F4B4A5B3}.Debug|Any CPU.ActiveCfg = Debug|Any CPU
		{82825479-B41D-4B49-9BBF-5F00F4B4A5B3}.Debug|Any CPU.Build.0 = Debug|Any CPU
		{82825479-B41D-4B49-9BBF-5F00F4B4A5B3}.Release|Any CPU.ActiveCfg = Release|Any CPU
		{82825479-B41D-4B49-9BBF-5F00F4B4A5B3}.Release|Any CPU.Build.0 = Release|Any CPU
		{794FAC02-6E93-4FAB-8DEB-94F23BD87BFB}.Debug|Any CPU.ActiveCfg = Debug|Any CPU
		{794FAC02-6E93-4FAB-8DEB-94F23BD87BFB}.Debug|Any CPU.Build.0 = Debug|Any CPU
		{794FAC02-6E93-4FAB-8DEB-94F23BD87BFB}.Release|Any CPU.ActiveCfg = Release|Any CPU
		{794FAC02-6E93-4FAB-8DEB-94F23BD87BFB}.Release|Any CPU.Build.0 = Release|Any CPU
	EndGlobalSection
	GlobalSection(SolutionProperties) = preSolution
		HideSolutionNode = FALSE
	EndGlobalSection
EndGlobal
